
Microsoft Visual Studio Solution File, Format Version 12.00
# Visual Studio 2012
Project("{8BC9CEB8-8B4A-11D0-8D11-00A0C91BC942}") = "GALex", "GALex.vcxproj", "{55D67B0E-145C-4CDD-BC27-0DE87A86D821}"
EndProject
Project("{8BC9CEB8-8B4A-11D0-8D11-00A0C91BC942}") = "Problems", "Problems\Problems.vcxproj", "{93560795-9ABC-4748-A161-F9166987B4D4}"
EndProject
Project("{8BC9CEB8-8B4A-11D0-8D11-00A0C91BC942}") = "App9", "TestApps\App9\App9.vcxproj", "{9ABD62A9-55DE-4F24-92AE-6C9511358924}"
EndProject
Global
	GlobalSection(SolutionConfigurationPlatforms) = preSolution
		Debug|Win32 = Debug|Win32
		Release|Win32 = Release|Win32
	EndGlobalSection
	GlobalSection(ProjectConfigurationPlatforms) = postSolution
		{55D67B0E-145C-4CDD-BC27-0DE87A86D821}.Debug|Win32.ActiveCfg = Debug|Win32
		{55D67B0E-145C-4CDD-BC27-0DE87A86D821}.Debug|Win32.Build.0 = Debug|Win32
		{55D67B0E-145C-4CDD-BC27-0DE87A86D821}.Release|Win32.ActiveCfg = Release|Win32
		{55D67B0E-145C-4CDD-BC27-0DE87A86D821}.Release|Win32.Build.0 = Release|Win32
		{93560795-9ABC-4748-A161-F9166987B4D4}.Debug|Win32.ActiveCfg = Debug|Win32
		{93560795-9ABC-4748-A161-F9166987B4D4}.Debug|Win32.Build.0 = Debug|Win32
		{93560795-9ABC-4748-A161-F9166987B4D4}.Release|Win32.ActiveCfg = Release|Win32
		{93560795-9ABC-4748-A161-F9166987B4D4}.Release|Win32.Build.0 = Release|Win32
		{9ABD62A9-55DE-4F24-92AE-6C9511358924}.Debug|Win32.ActiveCfg = Debug|Win32
		{9ABD62A9-55DE-4F24-92AE-6C9511358924}.Debug|Win32.Build.0 = Debug|Win32
		{9ABD62A9-55DE-4F24-92AE-6C9511358924}.Release|Win32.ActiveCfg = Release|Win32
		{9ABD62A9-55DE-4F24-92AE-6C9511358924}.Release|Win32.Build.0 = Release|Win32
	EndGlobalSection
	GlobalSection(SolutionProperties) = preSolution
		HideSolutionNode = FALSE
	EndGlobalSection
EndGlobal
